
Microsoft Visual Studio Solution File, Format Version 12.00
# Visual Studio 15
VisualStudioVersion = 15.0.27703.2000
MinimumVisualStudioVersion = 10.0.40219.1
Project("{9A19103F-16F7-4668-BE54-9A1E7A4F7556}") = "Lob", "Lob\Lob.csproj", "{290F7BA4-AEEB-4054-9681-5D052DB13A56}"
EndProject
Project("{FAE04EC0-301F-11D3-BF4B-00C04F79EFBC}") = "LobTest", "LobTest\LobTest.csproj", "{B95B591D-B9C2-4CD5-943F-05F32374F33B}"
EndProject
Global
	GlobalSection(SolutionConfigurationPlatforms) = preSolution
		Debug|Any CPU = Debug|Any CPU
		Release|Any CPU = Release|Any CPU
	EndGlobalSection
	GlobalSection(ProjectConfigurationPlatforms) = postSolution
		{290F7BA4-AEEB-4054-9681-5D052DB13A56}.Debug|Any CPU.ActiveCfg = Debug|Any CPU
		{290F7BA4-AEEB-4054-9681-5D052DB13A56}.Debug|Any CPU.Build.0 = Debug|Any CPU
		{290F7BA4-AEEB-4054-9681-5D052DB13A56}.Release|Any CPU.ActiveCfg = Release|Any CPU
		{290F7BA4-AEEB-4054-9681-5D052DB13A56}.Release|Any CPU.Build.0 = Release|Any CPU
		{B95B591D-B9C2-4CD5-943F-05F32374F33B}.Debug|Any CPU.ActiveCfg = Debug|Any CPU
		{B95B591D-B9C2-4CD5-943F-05F32374F33B}.Debug|Any CPU.Build.0 = Debug|Any CPU
		{B95B591D-B9C2-4CD5-943F-05F32374F33B}.Release|Any CPU.ActiveCfg = Release|Any CPU
		{B95B591D-B9C2-4CD5-943F-05F32374F33B}.Release|Any CPU.Build.0 = Release|Any CPU
	EndGlobalSection
	GlobalSection(SolutionProperties) = preSolution
		HideSolutionNode = FALSE
	EndGlobalSection
	GlobalSection(ExtensibilityGlobals) = postSolution
		SolutionGuid = {30FD9581-FEA1-4E8C-AA83-7B5124EF6592}
	EndGlobalSection
EndGlobal
